
Microsoft Visual Studio Solution File, Format Version 12.00
# Visual Studio Version 17
VisualStudioVersion = 17.0.31612.314
MinimumVisualStudioVersion = 10.0.40219.1
Project("{FAE04EC0-301F-11D3-BF4B-00C04F79EFBC}") = "AuthFun", "AuthFun\AuthFun.csproj", "{6CFD0864-6093-488C-85B1-A4F343F34CF8}"
EndProject
Global
	GlobalSection(SolutionConfigurationPlatforms) = preSolution
		Debug|Any CPU = Debug|Any CPU
		Release|Any CPU = Release|Any CPU
	EndGlobalSection
	GlobalSection(ProjectConfigurationPlatforms) = postSolution
		{6CFD0864-6093-488C-85B1-A4F343F34CF8}.Debug|Any CPU.ActiveCfg = Debug|Any CPU
		{6CFD0864-6093-488C-85B1-A4F343F34CF8}.Debug|Any CPU.Build.0 = Debug|Any CPU
		{6CFD0864-6093-488C-85B1-A4F343F34CF8}.Release|Any CPU.ActiveCfg = Release|Any CPU
		{6CFD0864-6093-488C-85B1-A4F343F34CF8}.Release|Any CPU.Build.0 = Release|Any CPU
	EndGlobalSection
	GlobalSection(SolutionProperties) = preSolution
		HideSolutionNode = FALSE
	EndGlobalSection
	GlobalSection(ExtensibilityGlobals) = postSolution
		SolutionGuid = {38D7DB07-1C78-49A2-9651-EAD41FA35F15}
	EndGlobalSection
EndGlobal
